
Microsoft Visual Studio Solution File, Format Version 12.00
# Visual Studio Version 16
VisualStudioVersion = 16.0.28902.138
MinimumVisualStudioVersion = 10.0.40219.1
Project("{FAE04EC0-301F-11D3-BF4B-00C04F79EFBC}") = "NoahDesign", "ApplicationEntry\NoahDesign.csproj", "{0D6E33EF-2BEF-456E-8757-E3DC909BAA61}"
EndProject
Global
	GlobalSection(SolutionConfigurationPlatforms) = preSolution
		Debug|Any CPU = Debug|Any CPU
		Release|Any CPU = Release|Any CPU
	EndGlobalSection
	GlobalSection(ProjectConfigurationPlatforms) = postSolution
		{0D6E33EF-2BEF-456E-8757-E3DC909BAA61}.Debug|Any CPU.ActiveCfg = Debug|Any CPU
		{0D6E33EF-2BEF-456E-8757-E3DC909BAA61}.Debug|Any CPU.Build.0 = Debug|Any CPU
		{0D6E33EF-2BEF-456E-8757-E3DC909BAA61}.Release|Any CPU.ActiveCfg = Release|Any CPU
		{0D6E33EF-2BEF-456E-8757-E3DC909BAA61}.Release|Any CPU.Build.0 = Release|Any CPU
	EndGlobalSection
	GlobalSection(SolutionProperties) = preSolution
		HideSolutionNode = FALSE
	EndGlobalSection
	GlobalSection(ExtensibilityGlobals) = postSolution
		SolutionGuid = {A8102369-D20F-4157-9F12-40E8DD961E34}
	EndGlobalSection
EndGlobal
